
Microsoft Visual Studio Solution File, Format Version 12.00
# Visual Studio Version 17
VisualStudioVersion = 17.6.33723.286
MinimumVisualStudioVersion = 10.0.40219.1
Project("{9A19103F-16F7-4668-BE54-9A1E7A4F7556}") = "Data_Streamin_Open_AI", "Data_Streamin_Open_AI.csproj", "{43A9BBF8-D119-4732-A301-7D89303A0343}"
EndProject
Global
	GlobalSection(SolutionConfigurationPlatforms) = preSolution
		Debug|Any CPU = Debug|Any CPU
		Release|Any CPU = Release|Any CPU
	EndGlobalSection
	GlobalSection(ProjectConfigurationPlatforms) = postSolution
		{43A9BBF8-D119-4732-A301-7D89303A0343}.Debug|Any CPU.ActiveCfg = Debug|Any CPU
		{43A9BBF8-D119-4732-A301-7D89303A0343}.Debug|Any CPU.Build.0 = Debug|Any CPU
		{43A9BBF8-D119-4732-A301-7D89303A0343}.Release|Any CPU.ActiveCfg = Release|Any CPU
		{43A9BBF8-D119-4732-A301-7D89303A0343}.Release|Any CPU.Build.0 = Release|Any CPU
	EndGlobalSection
	GlobalSection(SolutionProperties) = preSolution
		HideSolutionNode = FALSE
	EndGlobalSection
	GlobalSection(ExtensibilityGlobals) = postSolution
		SolutionGuid = {3CDA360E-5284-4F7F-842C-466C403BF8B1}
	EndGlobalSection
EndGlobal
